// !$*UTF8*$!
{
	archiveVersion = 1;
	classes = {
	};
	objectVersion = 46;
	objects = {

/* Begin PBXBuildFile section */
		E4AC94D61C911D43007C3995 /* main.m in Sources */ = {isa = PBXBuildFile; fileRef = E4AC94D51C911D43007C3995 /* main.m */; };
		E4AC94D91C911D43007C3995 /* AppDelegate.m in Sources */ = {isa = PBXBuildFile; fileRef = E4AC94D81C911D43007C3995 /* AppDelegate.m */; };
		E4AC94DC1C911D43007C3995 /* ViewController.m in Sources */ = {isa = PBXBuildFile; fileRef = E4AC94DB1C911D43007C3995 /* ViewController.m */; };
		E4AC94DF1C911D43007C3995 /* Main.storyboard in Resources */ = {isa = PBXBuildFile; fileRef = E4AC94DD1C911D43007C3995 /* Main.storyboard */; };
		E4AC94E11C911D43007C3995 /* Assets.xcassets in Resources */ = {isa = PBXBuildFile; fileRef = E4AC94E01C911D43007C3995 /* Assets.xcassets */; };
		E4AC94E41C911D43007C3995 /* LaunchScreen.storyboard in Resources */ = {isa = PBXBuildFile; fileRef = E4AC94E21C911D43007C3995 /* LaunchScreen.storyboard */; };
		E4AC94EF1C911D43007C3995 /* simplifiedToucherTests.m in Sources */ = {isa = PBXBuildFile; fileRef = E4AC94EE1C911D43007C3995 /* simplifiedToucherTests.m */; };
		E4AC94FA1C911D43007C3995 /* simplifiedToucherUITests.m in Sources */ = {isa = PBXBuildFile; fileRef = E4AC94F91C911D43007C3995 /* simplifiedToucherUITests.m */; };
/* End PBXBuildFile section */

/* Begin PBXContainerItemProxy section */
		E4AC94EB1C911D43007C3995 /* PBXContainerItemProxy */ = {
			isa = PBXContainerItemProxy;
			containerPortal = E4AC94C91C911D43007C3995 /* Project object */;
			proxyType = 1;
			remoteGlobalIDString = E4AC94D01C911D43007C3995;
			remoteInfo = simplifiedToucher;
		};
		E4AC94F61C911D43007C3995 /* PBXContainerItemProxy */ = {
			isa = PBXContainerItemProxy;
			containerPortal = E4AC94C91C911D43007C3995 /* Project object */;
			proxyType = 1;
			remoteGlobalIDString = E4AC94D01C911D43007C3995;
			remoteInfo = simplifiedToucher;
		};
/* End PBXContainerItemProxy section */

/* Begin PBXFileReference section */
		E4AC94D11C911D43007C3995 /* simplifiedToucher.app */ = {isa = PBXFileReference; explicitFileType = wrapper.application; includeInIndex = 0; path = simplifiedToucher.app; sourceTree = BUILT_PRODUCTS_DIR; };
		E4AC94D51C911D43007C3995 /* main.m */ = {isa = PBXFileReference; lastKnownFileType = sourcecode.c.objc; path = main.m; sourceTree = "<group>"; };
		E4AC94D71C911D43007C3995 /* AppDelegate.h */ = {isa = PBXFileReference; lastKnownFileType = sourcecode.c.h; path = AppDelegate.h; sourceTree = "<group>"; };
		E4AC94D81C911D43007C3995 /* AppDelegate.m */ = {isa = PBXFileReference; lastKnownFileType = sourcecode.c.objc; path = AppDelegate.m; sourceTree = "<group>"; };
		E4AC94DA1C911D43007C3995 /* ViewController.h */ = {isa = PBXFileReference; lastKnownFileType = sourcecode.c.h; path = ViewController.h; sourceTree = "<group>"; };
		E4AC94DB1C911D43007C3995 /* ViewController.m */ = {isa = PBXFileReference; lastKnownFileType = sourcecode.c.objc; path = ViewController.m; sourceTree = "<group>"; };
		E4AC94DE1C911D43007C3995 /* Base */ = {isa = PBXFileReference; lastKnownFileType = file.storyboard; name = Base; path = Base.lproj/Main.storyboard; sourceTree = "<group>"; };
		E4AC94E01C911D43007C3995 /* Assets.xcassets */ = {isa = PBXFileReference; lastKnownFileType = folder.assetcatalog; path = Assets.xcassets; sourceTree = "<group>"; };
		E4AC94E31C911D43007C3995 /* Base */ = {isa = PBXFileReference; lastKnownFileType = file.storyboard; name = Base; path = Base.lproj/LaunchScreen.storyboard; sourceTree = "<group>"; };
		E4AC94E51C911D43007C3995 /* Info.plist */ = {isa = PBXFileReference; lastKnownFileType = text.plist.xml; path = Info.plist; sourceTree = "<group>"; };
		E4AC94EA1C911D43007C3995 /* simplifiedToucherTests.xctest */ = {isa = PBXFileReference; explicitFileType = wrapper.cfbundle; includeInIndex = 0; path = simplifiedToucherTests.xctest; sourceTree = BUILT_PRODUCTS_DIR; };
		E4AC94EE1C911D43007C3995 /* simplifiedToucherTests.m */ = {isa = PBXFileReference; lastKnownFileType = sourcecode.c.objc; path = simplifiedToucherTests.m; sourceTree = "<group>"; };
		E4AC94F01C911D43007C3995 /* Info.plist */ = {isa = PBXFileReference; lastKnownFileType = text.plist.xml; path = Info.plist; sourceTree = "<group>"; };
		E4AC94F51C911D43007C3995 /* simplifiedToucherUITests.xctest */ = {isa = PBXFileReference; explicitFileType = wrapper.cfbundle; includeInIndex = 0; path = simplifiedToucherUITests.xctest; sourceTree = BUILT_PRODUCTS_DIR; };
		E4AC94F91C911D43007C3995 /* simplifiedToucherUITests.m */ = {isa = PBXFileReference; lastKnownFileType = sourcecode.c.objc; path = simplifiedToucherUITests.m; sourceTree = "<group>"; };
		E4AC94FB1C911D43007C3995 /* Info.plist */ = {isa = PBXFileReference; lastKnownFileType = text.plist.xml; path = Info.plist; sourceTree = "<group>"; };
/* End PBXFileReference section */

/* Begin PBXFrameworksBuildPhase section */
		E4AC94CE1C911D43007C3995 /* Frameworks */ = {
			isa = PBXFrameworksBuildPhase;
			buildActionMask = 2147483647;
			files = (
			);
			runOnlyForDeploymentPostprocessing = 0;
		};
		E4AC94E71C911D43007C3995 /* Frameworks */ = {
			isa = PBXFrameworksBuildPhase;
			buildActionMask = 2147483647;
			files = (
			);
			runOnlyForDeploymentPostprocessing = 0;
		};
		E4AC94F21C911D43007C3995 /* Frameworks */ = {
			isa = PBXFrameworksBuildPhase;
			buildActionMask = 2147483647;
			files = (
			);
			runOnlyForDeploymentPostprocessing = 0;
		};
/* End PBXFrameworksBuildPhase section */

/* Begin PBXGroup section */
		E4AC94C81C911D43007C3995 = {
			isa = PBXGroup;
			children = (
				E4AC94D31C911D43007C3995 /* simplifiedToucher */,
				E4AC94ED1C911D43007C3995 /* simplifiedToucherTests */,
				E4AC94F81C911D43007C3995 /* simplifiedToucherUITests */,
				E4AC94D21C911D43007C3995 /* Products */,
			);
			sourceTree = "<group>";
		};
		E4AC94D21C911D43007C3995 /* Products */ = {
			isa = PBXGroup;
			children = (
				E4AC94D11C911D43007C3995 /* simplifiedToucher.app */,
				E4AC94EA1C911D43007C3995 /* simplifiedToucherTests.xctest */,
				E4AC94F51C911D43007C3995 /* simplifiedToucherUITests.xctest */,
			);
			name = Products;
			sourceTree = "<group>";
		};
		E4AC94D31C911D43007C3995 /* simplifiedToucher */ = {
			isa = PBXGroup;
			children = (
				E4AC94D71C911D43007C3995 /* AppDelegate.h */,
				E4AC94D81C911D43007C3995 /* AppDelegate.m */,
				E4AC94DA1C911D43007C3995 /* ViewController.h */,
				E4AC94DB1C911D43007C3995 /* ViewController.m */,
				E4AC94DD1C911D43007C3995 /* Main.storyboard */,
				E4AC94E01C911D43007C3995 /* Assets.xcassets */,
				E4AC94E21C911D43007C3995 /* LaunchScreen.storyboard */,
				E4AC94E51C911D43007C3995 /* Info.plist */,
				E4AC94D41C911D43007C3995 /* Supporting Files */,
			);
			path = simplifiedToucher;
			sourceTree = "<group>";
		};
		E4AC94D41C911D43007C3995 /* Supporting Files */ = {
			isa = PBXGroup;
			children = (
				E4AC94D51C911D43007C3995 /* main.m */,
			);
			name = "Supporting Files";
			sourceTree = "<group>";
		};
		E4AC94ED1C911D43007C3995 /* simplifiedToucherTests */ = {
			isa = PBXGroup;
			children = (
				E4AC94EE1C911D43007C3995 /* simplifiedToucherTests.m */,
				E4AC94F01C911D43007C3995 /* Info.plist */,
			);
			path = simplifiedToucherTests;
			sourceTree = "<group>";
		};
		E4AC94F81C911D43007C3995 /* simplifiedToucherUITests */ = {
			isa = PBXGroup;
			children = (
				E4AC94F91C911D43007C3995 /* simplifiedToucherUITests.m */,
				E4AC94FB1C911D43007C3995 /* Info.plist */,
			);
			path = simplifiedToucherUITests;
			sourceTree = "<group>";
		};
/* End PBXGroup section */

/* Begin PBXNativeTarget section */
		E4AC94D01C911D43007C3995 /* simplifiedToucher */ = {
			isa = PBXNativeTarget;
			buildConfigurationList = E4AC94FE1C911D43007C3995 /* Build configuration list for PBXNativeTarget "simplifiedToucher" */;
			buildPhases = (
				E4AC94CD1C911D43007C3995 /* Sources */,
				E4AC94CE1C911D43007C3995 /* Frameworks */,
				E4AC94CF1C911D43007C3995 /* Resources */,
			);
			buildRules = (
			);
			dependencies = (
			);
			name = simplifiedToucher;
			productName = simplifiedToucher;
			productReference = E4AC94D11C911D43007C3995 /* simplifiedToucher.app */;
			productType = "com.apple.product-type.application";
		};
		E4AC94E91C911D43007C3995 /* simplifiedToucherTests */ = {
			isa = PBXNativeTarget;
			buildConfigurationList = E4AC95011C911D43007C3995 /* Build configuration list for PBXNativeTarget "simplifiedToucherTests" */;
			buildPhases = (
				E4AC94E61C911D43007C3995 /* Sources */,
				E4AC94E71C911D43007C3995 /* Frameworks */,
				E4AC94E81C911D43007C3995 /* Resources */,
			);
			buildRules = (
			);
			dependencies = (
				E4AC94EC1C911D43007C3995 /* PBXTargetDependency */,
			);
			name = simplifiedToucherTests;
			productName = simplifiedToucherTests;
			productReference = E4AC94EA1C911D43007C3995 /* simplifiedToucherTests.xctest */;
			productType = "com.apple.product-type.bundle.unit-test";
		};
		E4AC94F41C911D43007C3995 /* simplifiedToucherUITests */ = {
			isa = PBXNativeTarget;
			buildConfigurationList = E4AC95041C911D43007C3995 /* Build configuration list for PBXNativeTarget "simplifiedToucherUITests" */;
			buildPhases = (
				E4AC94F11C911D43007C3995 /* Sources */,
				E4AC94F21C911D43007C3995 /* Frameworks */,
				E4AC94F31C911D43007C3995 /* Resources */,
			);
			buildRules = (
			);
			dependencies = (
				E4AC94F71C911D43007C3995 /* PBXTargetDependency */,
			);
			name = simplifiedToucherUITests;
			productName = simplifiedToucherUITests;
			productReference = E4AC94F51C911D43007C3995 /* simplifiedToucherUITests.xctest */;
			productType = "com.apple.product-type.bundle.ui-testing";
		};
/* End PBXNativeTarget section */

/* Begin PBXProject section */
		E4AC94C91C911D43007C3995 /* Project object */ = {
			isa = PBXProject;
			attributes = {
				LastUpgradeCheck = 0720;
				ORGANIZATIONNAME = moreChinese;
				TargetAttributes = {
					E4AC94D01C911D43007C3995 = {
						CreatedOnToolsVersion = 7.2.1;
						DevelopmentTeam = 2Z882M96S9;
					};
					E4AC94E91C911D43007C3995 = {
						CreatedOnToolsVersion = 7.2.1;
						DevelopmentTeam = 2Z882M96S9;
						TestTargetID = E4AC94D01C911D43007C3995;
					};
					E4AC94F41C911D43007C3995 = {
						CreatedOnToolsVersion = 7.2.1;
						DevelopmentTeam = 2Z882M96S9;
						TestTargetID = E4AC94D01C911D43007C3995;
					};
				};
			};
			buildConfigurationList = E4AC94CC1C911D43007C3995 /* Build configuration list for PBXProject "simplifiedToucher" */;
			compatibilityVersion = "Xcode 3.2";
			developmentRegion = English;
			hasScannedForEncodings = 0;
			knownRegions = (
				en,
				Base,
			);
			mainGroup = E4AC94C81C911D43007C3995;
			productRefGroup = E4AC94D21C911D43007C3995 /* Products */;
			projectDirPath = "";
			projectRoot = "";
			targets = (
				E4AC94D01C911D43007C3995 /* simplifiedToucher */,
				E4AC94E91C911D43007C3995 /* simplifiedToucherTests */,
				E4AC94F41C911D43007C3995 /* simplifiedToucherUITests */,
			);
		};
/* End PBXProject section */

/* Begin PBXResourcesBuildPhase section */
		E4AC94CF1C911D43007C3995 /* Resources */ = {
			isa = PBXResourcesBuildPhase;
			buildActionMask = 2147483647;
			files = (
				E4AC94E41C911D43007C3995 /* LaunchScreen.storyboard in Resources */,
				E4AC94E11C911D43007C3995 /* Assets.xcassets in Resources */,
				E4AC94DF1C911D43007C3995 /* Main.storyboard in Resources */,
			);
			runOnlyForDeploymentPostprocessing = 0;
		};
		E4AC94E81C911D43007C3995 /* Resources */ = {
			isa = PBXResourcesBuildPhase;
			buildActionMask = 2147483647;
			files = (
			);
			runOnlyForDeploymentPostprocessing = 0;
		};
		E4AC94F31C911D43007C3995 /* Resources */ = {
			isa = PBXResourcesBuildPhase;
			buildActionMask = 2147483647;
			files = (
			);
			runOnlyForDeploymentPostprocessing = 0;
		};
/* End PBXResourcesBuildPhase section */

/* Begin PBXSourcesBuildPhase section */
		E4AC94CD1C911D43007C3995 /* Sources */ = {
			isa = PBXSourcesBuildPhase;
			buildActionMask = 2147483647;
			files = (
				E4AC94DC1C911D43007C3995 /* ViewController.m in Sources */,
				E4AC94D91C911D43007C3995 /* AppDelegate.m in Sources */,
				E4AC94D61C911D43007C3995 /* main.m in Sources */,
			);
			runOnlyForDeploymentPostprocessing = 0;
		};
		E4AC94E61C911D43007C3995 /* Sources */ = {
			isa = PBXSourcesBuildPhase;
			buildActionMask = 2147483647;
			files = (
				E4AC94EF1C911D43007C3995 /* simplifiedToucherTests.m in Sources */,
			);
			runOnlyForDeploymentPostprocessing = 0;
		};
		E4AC94F11C911D43007C3995 /* Sources */ = {
			isa = PBXSourcesBuildPhase;
			buildActionMask = 2147483647;
			files = (
				E4AC94FA1C911D43007C3995 /* simplifiedToucherUITests.m in Sources */,
			);
			runOnlyForDeploymentPostprocessing = 0;
		};
/* End PBXSourcesBuildPhase section */

/* Begin PBXTargetDependency section */
		E4AC94EC1C911D43007C3995 /* PBXTargetDependency */ = {
			isa = PBXTargetDependency;
			target = E4AC94D01C911D43007C3995 /* simplifiedToucher */;
			targetProxy = E4AC94EB1C911D43007C3995 /* PBXContainerItemProxy */;
		};
		E4AC94F71C911D43007C3995 /* PBXTargetDependency */ = {
			isa = PBXTargetDependency;
			target = E4AC94D01C911D43007C3995 /* simplifiedToucher */;
			targetProxy = E4AC94F61C911D43007C3995 /* PBXContainerItemProxy */;
		};
/* End PBXTargetDependency section */

/* Begin PBXVariantGroup section */
		E4AC94DD1C911D43007C3995 /* Main.storyboard */ = {
			isa = PBXVariantGroup;
			children = (
				E4AC94DE1C911D43007C3995 /* Base */,
			);
			name = Main.storyboard;
			sourceTree = "<group>";
		};
		E4AC94E21C911D43007C3995 /* LaunchScreen.storyboard */ = {
			isa = PBXVariantGroup;
			children = (
				E4AC94E31C911D43007C3995 /* Base */,
			);
			name = LaunchScreen.storyboard;
			sourceTree = "<group>";
		};
/* End PBXVariantGroup section */

/* Begin XCBuildConfiguration section */
		E4AC94FC1C911D43007C3995 /* Debug */ = {
			isa = XCBuildConfiguration;
			buildSettings = {
				ALWAYS_SEARCH_USER_PATHS = NO;
				CLANG_CXX_LANGUAGE_STANDARD = "gnu++0x";
				CLANG_CXX_LIBRARY = "libc++";
				CLANG_ENABLE_MODULES = YES;
				CLANG_ENABLE_OBJC_ARC = YES;
				CLANG_WARN_BOOL_CONVERSION = YES;
				CLANG_WARN_CONSTANT_CONVERSION = YES;
				CLANG_WARN_DIRECT_OBJC_ISA_USAGE = YES_ERROR;
				CLANG_WARN_EMPTY_BODY = YES;
				CLANG_WARN_ENUM_CONVERSION = YES;
				CLANG_WARN_INT_CONVERSION = YES;
				CLANG_WARN_OBJC_ROOT_CLASS = YES_ERROR;
				CLANG_WARN_UNREACHABLE_CODE = YES;
				CLANG_WARN__DUPLICATE_METHOD_MATCH = YES;
				"CODE_SIGN_IDENTITY[sdk=iphoneos*]" = "iPhone Developer";
				COPY_PHASE_STRIP = NO;
				DEBUG_INFORMATION_FORMAT = dwarf;
				ENABLE_STRICT_OBJC_MSGSEND = YES;
				ENABLE_TESTABILITY = YES;
				GCC_C_LANGUAGE_STANDARD = gnu99;
				GCC_DYNAMIC_NO_PIC = NO;
				GCC_NO_COMMON_BLOCKS = YES;
				GCC_OPTIMIZATION_LEVEL = 0;
				GCC_PREPROCESSOR_DEFINITIONS = (
					"DEBUG=1",
					"$(inherited)",
				);
				GCC_WARN_64_TO_32_BIT_CONVERSION = YES;
				GCC_WARN_ABOUT_RETURN_TYPE = YES_ERROR;
				GCC_WARN_UNDECLARED_SELECTOR = YES;
				GCC_WARN_UNINITIALIZED_AUTOS = YES_AGGRESSIVE;
				GCC_WARN_UNUSED_FUNCTION = YES;
				GCC_WARN_UNUSED_VARIABLE = YES;
				IPHONEOS_DEPLOYMENT_TARGET = 9.2;
				MTL_ENABLE_DEBUG_INFO = YES;
				ONLY_ACTIVE_ARCH = YES;
				SDKROOT = iphoneos;
			};
			name = Debug;
		};
		E4AC94FD1C911D43007C3995 /* Release */ = {
			isa = XCBuildConfiguration;
			buildSettings = {
				ALWAYS_SEARCH_USER_PATHS = NO;
				CLANG_CXX_LANGUAGE_STANDARD = "gnu++0x";
				CLANG_CXX_LIBRARY = "libc++";
				CLANG_ENABLE_MODULES = YES;
				CLANG_ENABLE_OBJC_ARC = YES;
				CLANG_WARN_BOOL_CONVERSION = YES;
				CLANG_WARN_CONSTANT_CONVERSION = YES;
				CLANG_WARN_DIRECT_OBJC_ISA_USAGE = YES_ERROR;
				CLANG_WARN_EMPTY_BODY = YES;
				CLANG_WARN_ENUM_CONVERSION = YES;
				CLANG_WARN_INT_CONVERSION = YES;
				CLANG_WARN_OBJC_ROOT_CLASS = YES_ERROR;
				CLANG_WARN_UNREACHABLE_CODE = YES;
				CLANG_WARN__DUPLICATE_METHOD_MATCH = YES;
				"CODE_SIGN_IDENTITY[sdk=iphoneos*]" = "iPhone Developer";
				COPY_PHASE_STRIP = NO;
				DEBUG_INFORMATION_FORMAT = "dwarf-with-dsym";
				ENABLE_NS_ASSERTIONS = NO;
				ENABLE_STRICT_OBJC_MSGSEND = YES;
				GCC_C_LANGUAGE_STANDARD = gnu99;
				GCC_NO_COMMON_BLOCKS = YES;
				GCC_WARN_64_TO_32_BIT_CONVERSION = YES;
				GCC_WARN_ABOUT_RETURN_TYPE = YES_ERROR;
				GCC_WARN_UNDECLARED_SELECTOR = YES;
				GCC_WARN_UNINITIALIZED_AUTOS = YES_AGGRESSIVE;
				GCC_WARN_UNUSED_FUNCTION = YES;
				GCC_WARN_UNUSED_VARIABLE = YES;
				IPHONEOS_DEPLOYMENT_TARGET = 9.2;
				MTL_ENABLE_DEBUG_INFO = NO;
				SDKROOT = iphoneos;
				VALIDATE_PRODUCT = YES;
			};
			name = Release;
		};
		E4AC94FF1C911D43007C3995 /* Debug */ = {
			isa = XCBuildConfiguration;
			buildSettings = {
				ASSETCATALOG_COMPILER_APPICON_NAME = AppIcon;
				INFOPLIST_FILE = simplifiedToucher/Info.plist;
				LD_RUNPATH_SEARCH_PATHS = "$(inherited) @executable_path/Frameworks";
				PRODUCT_BUNDLE_IDENTIFIER = com.soBeIt.simplifiedToucher;
				PRODUCT_NAME = "$(TARGET_NAME)";
			};
			name = Debug;
		};
		E4AC95001C911D43007C3995 /* Release */ = {
			isa = XCBuildConfiguration;
			buildSettings = {
				ASSETCATALOG_COMPILER_APPICON_NAME = AppIcon;
				INFOPLIST_FILE = simplifiedToucher/Info.plist;
				LD_RUNPATH_SEARCH_PATHS = "$(inherited) @executable_path/Frameworks";
				PRODUCT_BUNDLE_IDENTIFIER = com.soBeIt.simplifiedToucher;
				PRODUCT_NAME = "$(TARGET_NAME)";
			};
			name = Release;
		};
		E4AC95021C911D43007C3995 /* Debug */ = {
			isa = XCBuildConfiguration;
			buildSettings = {
				BUNDLE_LOADER = "$(TEST_HOST)";
				INFOPLIST_FILE = simplifiedToucherTests/Info.plist;
				LD_RUNPATH_SEARCH_PATHS = "$(inherited) @executable_path/Frameworks @loader_path/Frameworks";
				PRODUCT_BUNDLE_IDENTIFIER = com.soBeIt.simplifiedToucherTests;
				PRODUCT_NAME = "$(TARGET_NAME)";
				TEST_HOST = "$(BUILT_PRODUCTS_DIR)/simplifiedToucher.app/simplifiedToucher";
			};
			name = Debug;
		};
		E4AC95031C911D43007C3995 /* Release */ = {
			isa = XCBuildConfiguration;
			buildSettings = {
				BUNDLE_LOADER = "$(TEST_HOST)";
				INFOPLIST_FILE = simplifiedToucherTests/Info.plist;
				LD_RUNPATH_SEARCH_PATHS = "$(inherited) @executable_path/Frameworks @loader_path/Frameworks";
				PRODUCT_BUNDLE_IDENTIFIER = com.soBeIt.simplifiedToucherTests;
				PRODUCT_NAME = "$(TARGET_NAME)";
				TEST_HOST = "$(BUILT_PRODUCTS_DIR)/simplifiedToucher.app/simplifiedToucher";
			};
			name = Release;
		};
		E4AC95051C911D43007C3995 /* Debug */ = {
			isa = XCBuildConfiguration;
			buildSettings = {
				INFOPLIST_FILE = simplifiedToucherUITests/Info.plist;
				LD_RUNPATH_SEARCH_PATHS = "$(inherited) @executable_path/Frameworks @loader_path/Frameworks";
				PRODUCT_BUNDLE_IDENTIFIER = com.soBeIt.simplifiedToucherUITests;
				PRODUCT_NAME = "$(TARGET_NAME)";
				TEST_TARGET_NAME = simplifiedToucher;
				USES_XCTRUNNER = YES;
			};
			name = Debug;
		};
		E4AC95061C911D43007C3995 /* Release */ = {
			isa = XCBuildConfiguration;
			buildSettings = {
				INFOPLIST_FILE = simplifiedToucherUITests/Info.plist;
				LD_RUNPATH_SEARCH_PATHS = "$(inherited) @executable_path/Frameworks @loader_path/Frameworks";
				PRODUCT_BUNDLE_IDENTIFIER = com.soBeIt.simplifiedToucherUITests;
				PRODUCT_NAME = "$(TARGET_NAME)";
				TEST_TARGET_NAME = simplifiedToucher;
				USES_XCTRUNNER = YES;
			};
			name = Release;
		};
/* End XCBuildConfiguration section */

/* Begin XCConfigurationList section */
		E4AC94CC1C911D43007C3995 /* Build configuration list for PBXProject "simplifiedToucher" */ = {
			isa = XCConfigurationList;
			buildConfigurations = (
				E4AC94FC1C911D43007C3995 /* Debug */,
				E4AC94FD1C911D43007C3995 /* Release */,
			);
			defaultConfigurationIsVisible = 0;
			defaultConfigurationName = Release;
		};
		E4AC94FE1C911D43007C3995 /* Build configuration list for PBXNativeTarget "simplifiedToucher" */ = {
			isa = XCConfigurationList;
			buildConfigurations = (
				E4AC94FF1C911D43007C3995 /* Debug */,
				E4AC95001C911D43007C3995 /* Release */,
			);
			defaultConfigurationIsVisible = 0;
		};
		E4AC95011C911D43007C3995 /* Build configuration list for PBXNativeTarget "simplifiedToucherTests" */ = {
			isa = XCConfigurationList;
			buildConfigurations = (
				E4AC95021C911D43007C3995 /* Debug */,
				E4AC95031C911D43007C3995 /* Release */,
			);
			defaultConfigurationIsVisible = 0;
		};
		E4AC95041C911D43007C3995 /* Build configuration list for PBXNativeTarget "simplifiedToucherUITests" */ = {
			isa = XCConfigurationList;
			buildConfigurations = (
				E4AC95051C911D43007C3995 /* Debug */,
				E4AC95061C911D43007C3995 /* Release */,
			);
			defaultConfigurationIsVisible = 0;
		};
/* End XCConfigurationList section */
	};
	rootObject = E4AC94C91C911D43007C3995 /* Project object */;
}
